{
  "version": 4,
  "terraform_version": "1.8.5",
  "serial": 18,
  "lineage": "2b1ed7d2-526e-bdbd-1cfd-a10b15b4cb91",
  "outputs": {},
  "resources": [
    {
      "module": "module.modPIP01",
      "mode": "data",
      "type": "azurerm_resource_group",
      "name": "datarg",
      "provider": "provider[\"registry.terraform.io/hashicorp/azurerm\"]",
      "instances": [
        {
          "schema_version": 0,
          "attributes": {
            "id": "/subscriptions/c161254a-03fa-4c91-884d-579d7bb02998/resourceGroups/rg-dev-dev01",
            "location": "westeurope",
            "managed_by": "",
            "name": "rg-dev-dev01",
            "tags": {},
            "timeouts": null
          },
          "sensitive_attributes": []
        }
      ]
    },
    {
      "module": "module.modPIP01",
      "mode": "managed",
      "type": "azurerm_public_ip",
      "name": "rgpip01",
      "provider": "provider[\"registry.terraform.io/hashicorp/azurerm\"]",
      "instances": [
        {
          "index_key": "pip01",
          "schema_version": 0,
          "attributes": {
            "allocation_method": "Static",
            "ddos_protection_mode": "VirtualNetworkInherited",
            "ddos_protection_plan_id": null,
            "domain_name_label": null,
            "edge_zone": "",
            "fqdn": null,
            "id": "/subscriptions/c161254a-03fa-4c91-884d-579d7bb02998/resourceGroups/rg-dev-dev01/providers/Microsoft.Network/publicIPAddresses/goazrvnet-pip",
            "idle_timeout_in_minutes": 4,
            "ip_address": "51.144.246.179",
            "ip_tags": null,
            "ip_version": "IPv4",
            "location": "westeurope",
            "name": "goazrvnet-pip",
            "public_ip_prefix_id": null,
            "resource_group_name": "rg-dev-dev01",
            "reverse_fqdn": null,
            "sku": "Basic",
            "sku_tier": "Regional",
            "tags": null,
            "timeouts": null,
            "zones": null
          },
          "sensitive_attributes": [],
          "private": "eyJlMmJmYjczMC1lY2FhLTExZTYtOGY4OC0zNDM2M2JjN2M0YzAiOnsiY3JlYXRlIjoxODAwMDAwMDAwMDAwLCJkZWxldGUiOjE4MDAwMDAwMDAwMDAsInJlYWQiOjMwMDAwMDAwMDAwMCwidXBkYXRlIjoxODAwMDAwMDAwMDAwfX0=",
          "dependencies": [
            "module.modPIP01.data.azurerm_resource_group.datarg",
            "module.modrg01.azurerm_resource_group.rg01",
            "module.modvnet01.azurerm_virtual_network.rgvnet01",
            "module.modvnet01.data.azurerm_resource_group.datarg"
          ]
        }
      ]
    },
    {
      "module": "module.modnic01",
      "mode": "data",
      "type": "azurerm_public_ip",
      "name": "datapip",
      "provider": "provider[\"registry.terraform.io/hashicorp/azurerm\"]",
      "instances": [
        {
          "schema_version": 0,
          "attributes": {
            "allocation_method": "Static",
            "ddos_protection_mode": "VirtualNetworkInherited",
            "ddos_protection_plan_id": null,
            "domain_name_label": "",
            "fqdn": "",
            "id": "/subscriptions/c161254a-03fa-4c91-884d-579d7bb02998/resourceGroups/rg-dev-dev01/providers/Microsoft.Network/publicIPAddresses/goazrvnet-pip",
            "idle_timeout_in_minutes": 4,
            "ip_address": "51.144.246.179",
            "ip_tags": {},
            "ip_version": "IPv4",
            "location": "westeurope",
            "name": "goazrvnet-pip",
            "resource_group_name": "rg-dev-dev01",
            "reverse_fqdn": "",
            "sku": "Basic",
            "tags": {},
            "timeouts": null,
            "zones": []
          },
          "sensitive_attributes": []
        }
      ]
    },
    {
      "module": "module.modnic01",
      "mode": "data",
      "type": "azurerm_resource_group",
      "name": "datarg",
      "provider": "provider[\"registry.terraform.io/hashicorp/azurerm\"]",
      "instances": [
        {
          "schema_version": 0,
          "attributes": {
            "id": "/subscriptions/c161254a-03fa-4c91-884d-579d7bb02998/resourceGroups/rg-dev-dev01",
            "location": "westeurope",
            "managed_by": "",
            "name": "rg-dev-dev01",
            "tags": {},
            "timeouts": null
          },
          "sensitive_attributes": []
        }
      ]
    },
    {
      "module": "module.modnic01",
      "mode": "data",
      "type": "azurerm_subnet",
      "name": "datasubnet",
      "provider": "provider[\"registry.terraform.io/hashicorp/azurerm\"]",
      "instances": [
        {
          "schema_version": 0,
          "attributes": {
            "address_prefix": "10.0.2.0/24",
            "address_prefixes": [
              "10.0.2.0/24"
            ],
            "default_outbound_access_enabled": true,
            "enforce_private_link_endpoint_network_policies": false,
            "enforce_private_link_service_network_policies": false,
            "id": "/subscriptions/c161254a-03fa-4c91-884d-579d7bb02998/resourceGroups/rg-dev-dev01/providers/Microsoft.Network/virtualNetworks/GOAZRVNET01/subnets/GOBEISBNT01",
            "name": "GOBEISBNT01",
            "network_security_group_id": "",
            "private_endpoint_network_policies": "Enabled",
            "private_endpoint_network_policies_enabled": true,
            "private_link_service_network_policies_enabled": true,
            "resource_group_name": "rg-dev-dev01",
            "route_table_id": "",
            "service_endpoints": [],
            "timeouts": null,
            "virtual_network_name": "GOAZRVNET01"
          },
          "sensitive_attributes": []
        }
      ]
    },
    {
      "module": "module.modnic01",
      "mode": "managed",
      "type": "azurerm_network_interface",
      "name": "nicdev01",
      "provider": "provider[\"registry.terraform.io/hashicorp/azurerm\"]",
      "instances": [
        {
          "index_key": "nic01",
          "schema_version": 0,
          "attributes": {
            "accelerated_networking_enabled": false,
            "applied_dns_servers": [],
            "auxiliary_mode": "",
            "auxiliary_sku": "",
            "dns_servers": [],
            "edge_zone": "",
            "enable_accelerated_networking": false,
            "enable_ip_forwarding": false,
            "id": "/subscriptions/c161254a-03fa-4c91-884d-579d7bb02998/resourceGroups/rg-dev-dev01/providers/Microsoft.Network/networkInterfaces/goazrdev01-nic",
            "internal_dns_name_label": "",
            "internal_domain_name_suffix": "j3pt4lcolvvejlshpzktnucupc.ax.internal.cloudapp.net",
            "ip_configuration": [
              {
                "gateway_load_balancer_frontend_ip_configuration_id": "",
                "name": "internal",
                "primary": true,
                "private_ip_address": "10.0.2.4",
                "private_ip_address_allocation": "Dynamic",
                "private_ip_address_version": "IPv4",
                "public_ip_address_id": "/subscriptions/c161254a-03fa-4c91-884d-579d7bb02998/resourceGroups/rg-dev-dev01/providers/Microsoft.Network/publicIPAddresses/goazrvnet-pip",
                "subnet_id": "/subscriptions/c161254a-03fa-4c91-884d-579d7bb02998/resourceGroups/rg-dev-dev01/providers/Microsoft.Network/virtualNetworks/GOAZRVNET01/subnets/GOBEISBNT01"
              }
            ],
            "ip_forwarding_enabled": false,
            "location": "westeurope",
            "mac_address": "",
            "name": "goazrdev01-nic",
            "private_ip_address": "10.0.2.4",
            "private_ip_addresses": [
              "10.0.2.4"
            ],
            "resource_group_name": "rg-dev-dev01",
            "tags": null,
            "timeouts": null,
            "virtual_machine_id": ""
          },
          "sensitive_attributes": [],
          "private": "eyJlMmJmYjczMC1lY2FhLTExZTYtOGY4OC0zNDM2M2JjN2M0YzAiOnsiY3JlYXRlIjoxODAwMDAwMDAwMDAwLCJkZWxldGUiOjE4MDAwMDAwMDAwMDAsInJlYWQiOjMwMDAwMDAwMDAwMCwidXBkYXRlIjoxODAwMDAwMDAwMDAwfX0=",
          "dependencies": [
            "module.modPIP01.azurerm_public_ip.rgpip01",
            "module.modPIP01.data.azurerm_resource_group.datarg",
            "module.modnic01.data.azurerm_public_ip.datapip",
            "module.modnic01.data.azurerm_resource_group.datarg",
            "module.modnic01.data.azurerm_subnet.datasubnet",
            "module.modrg01.azurerm_resource_group.rg01",
            "module.modsubnet01.azurerm_subnet.azrsubnet01",
            "module.modsubnet01.data.azurerm_resource_group.datarg",
            "module.modsubnet01.data.azurerm_virtual_network.datavnet",
            "module.modvnet01.azurerm_virtual_network.rgvnet01",
            "module.modvnet01.data.azurerm_resource_group.datarg"
          ]
        }
      ]
    },
    {
      "module": "module.modrg01",
      "mode": "managed",
      "type": "azurerm_resource_group",
      "name": "rg01",
      "provider": "provider[\"registry.terraform.io/hashicorp/azurerm\"]",
      "instances": [
        {
          "index_key": "rg1",
          "schema_version": 0,
          "attributes": {
            "id": "/subscriptions/c161254a-03fa-4c91-884d-579d7bb02998/resourceGroups/rg-dev-dev01",
            "location": "westeurope",
            "managed_by": "",
            "name": "rg-dev-dev01",
            "tags": {},
            "timeouts": null
          },
          "sensitive_attributes": [],
          "private": "eyJlMmJmYjczMC1lY2FhLTExZTYtOGY4OC0zNDM2M2JjN2M0YzAiOnsiY3JlYXRlIjo1NDAwMDAwMDAwMDAwLCJkZWxldGUiOjU0MDAwMDAwMDAwMDAsInJlYWQiOjMwMDAwMDAwMDAwMCwidXBkYXRlIjo1NDAwMDAwMDAwMDAwfX0="
        }
      ]
    },
    {
      "module": "module.modsubnet01",
      "mode": "data",
      "type": "azurerm_resource_group",
      "name": "datarg",
      "provider": "provider[\"registry.terraform.io/hashicorp/azurerm\"]",
      "instances": [
        {
          "schema_version": 0,
          "attributes": {
            "id": "/subscriptions/c161254a-03fa-4c91-884d-579d7bb02998/resourceGroups/rg-dev-dev01",
            "location": "westeurope",
            "managed_by": "",
            "name": "rg-dev-dev01",
            "tags": {},
            "timeouts": null
          },
          "sensitive_attributes": []
        }
      ]
    },
    {
      "module": "module.modsubnet01",
      "mode": "data",
      "type": "azurerm_virtual_network",
      "name": "datavnet",
      "provider": "provider[\"registry.terraform.io/hashicorp/azurerm\"]",
      "instances": [
        {
          "schema_version": 0,
          "attributes": {
            "address_space": [
              "10.0.0.0/16"
            ],
            "dns_servers": [],
            "guid": "2c3f5f4f-5d4e-446a-ae47-7e5536d0547a",
            "id": "/subscriptions/c161254a-03fa-4c91-884d-579d7bb02998/resourceGroups/rg-dev-dev01/providers/Microsoft.Network/virtualNetworks/GOAZRVNET01",
            "location": "westeurope",
            "name": "GOAZRVNET01",
            "resource_group_name": "rg-dev-dev01",
            "subnets": [],
            "tags": {},
            "timeouts": null,
            "vnet_peerings": {},
            "vnet_peerings_addresses": []
          },
          "sensitive_attributes": []
        }
      ]
    },
    {
      "module": "module.modsubnet01",
      "mode": "managed",
      "type": "azurerm_subnet",
      "name": "azrsubnet01",
      "provider": "provider[\"registry.terraform.io/hashicorp/azurerm\"]",
      "instances": [
        {
          "index_key": "subnet01",
          "schema_version": 0,
          "attributes": {
            "address_prefixes": [
              "10.0.2.0/24"
            ],
            "default_outbound_access_enabled": true,
            "delegation": [],
            "enforce_private_link_endpoint_network_policies": false,
            "enforce_private_link_service_network_policies": false,
            "id": "/subscriptions/c161254a-03fa-4c91-884d-579d7bb02998/resourceGroups/rg-dev-dev01/providers/Microsoft.Network/virtualNetworks/GOAZRVNET01/subnets/GOBEISBNT01",
            "name": "GOBEISBNT01",
            "private_endpoint_network_policies": "Enabled",
            "private_endpoint_network_policies_enabled": true,
            "private_link_service_network_policies_enabled": true,
            "resource_group_name": "rg-dev-dev01",
            "service_endpoint_policy_ids": null,
            "service_endpoints": null,
            "timeouts": null,
            "virtual_network_name": "GOAZRVNET01"
          },
          "sensitive_attributes": [],
          "private": "eyJlMmJmYjczMC1lY2FhLTExZTYtOGY4OC0zNDM2M2JjN2M0YzAiOnsiY3JlYXRlIjoxODAwMDAwMDAwMDAwLCJkZWxldGUiOjE4MDAwMDAwMDAwMDAsInJlYWQiOjMwMDAwMDAwMDAwMCwidXBkYXRlIjoxODAwMDAwMDAwMDAwfX0=",
          "dependencies": [
            "module.modrg01.azurerm_resource_group.rg01",
            "module.modsubnet01.data.azurerm_resource_group.datarg",
            "module.modsubnet01.data.azurerm_virtual_network.datavnet",
            "module.modvnet01.azurerm_virtual_network.rgvnet01",
            "module.modvnet01.data.azurerm_resource_group.datarg"
          ]
        }
      ]
    },
    {
      "module": "module.modvm01",
      "mode": "data",
      "type": "azurerm_network_interface",
      "name": "datanic",
      "provider": "provider[\"registry.terraform.io/hashicorp/azurerm\"]",
      "instances": [
        {
          "schema_version": 0,
          "attributes": {
            "accelerated_networking_enabled": false,
            "applied_dns_servers": [],
            "dns_servers": [],
            "enable_accelerated_networking": false,
            "enable_ip_forwarding": false,
            "id": "/subscriptions/c161254a-03fa-4c91-884d-579d7bb02998/resourceGroups/rg-dev-dev01/providers/Microsoft.Network/networkInterfaces/goazrdev01-nic",
            "internal_dns_name_label": "",
            "ip_configuration": [
              {
                "application_gateway_backend_address_pools_ids": [],
                "application_security_group_ids": [],
                "gateway_load_balancer_frontend_ip_configuration_id": "",
                "load_balancer_backend_address_pools_ids": [],
                "load_balancer_inbound_nat_rules_ids": [],
                "name": "internal",
                "primary": true,
                "private_ip_address": "10.0.2.4",
                "private_ip_address_allocation": "Dynamic",
                "private_ip_address_version": "IPv4",
                "public_ip_address_id": "/subscriptions/c161254a-03fa-4c91-884d-579d7bb02998/resourceGroups/rg-dev-dev01/providers/Microsoft.Network/publicIPAddresses/goazrvnet-pip",
                "subnet_id": "/subscriptions/c161254a-03fa-4c91-884d-579d7bb02998/resourceGroups/rg-dev-dev01/providers/Microsoft.Network/virtualNetworks/GOAZRVNET01/subnets/GOBEISBNT01"
              }
            ],
            "ip_forwarding_enabled": false,
            "location": "westeurope",
            "mac_address": "",
            "name": "goazrdev01-nic",
            "network_security_group_id": "",
            "private_ip_address": "10.0.2.4",
            "private_ip_addresses": [
              "10.0.2.4"
            ],
            "resource_group_name": "rg-dev-dev01",
            "tags": {},
            "timeouts": null,
            "virtual_machine_id": ""
          },
          "sensitive_attributes": []
        }
      ]
    },
    {
      "module": "module.modvm01",
      "mode": "data",
      "type": "azurerm_resource_group",
      "name": "datarg",
      "provider": "provider[\"registry.terraform.io/hashicorp/azurerm\"]",
      "instances": [
        {
          "schema_version": 0,
          "attributes": {
            "id": "/subscriptions/c161254a-03fa-4c91-884d-579d7bb02998/resourceGroups/rg-dev-dev01",
            "location": "westeurope",
            "managed_by": "",
            "name": "rg-dev-dev01",
            "tags": {},
            "timeouts": null
          },
          "sensitive_attributes": []
        }
      ]
    },
    {
      "module": "module.modvm01",
      "mode": "managed",
      "type": "azurerm_linux_virtual_machine",
      "name": "varvm01",
      "provider": "provider[\"registry.terraform.io/hashicorp/azurerm\"]",
      "instances": [
        {
          "index_key": "vmtest01",
          "schema_version": 0,
          "attributes": {
            "additional_capabilities": [],
            "admin_password": "Password@123",
            "admin_ssh_key": [],
            "admin_username": "adminuser",
            "allow_extension_operations": true,
            "availability_set_id": "",
            "boot_diagnostics": [],
            "bypass_platform_safety_checks_on_user_schedule_enabled": false,
            "capacity_reservation_group_id": "",
            "computer_name": "GOAZRVM01",
            "custom_data": null,
            "dedicated_host_group_id": "",
            "dedicated_host_id": "",
            "disable_password_authentication": false,
            "disk_controller_type": "",
            "edge_zone": "",
            "encryption_at_host_enabled": false,
            "eviction_policy": "",
            "extensions_time_budget": "PT1H30M",
            "gallery_application": [],
            "id": "/subscriptions/c161254a-03fa-4c91-884d-579d7bb02998/resourceGroups/rg-dev-dev01/providers/Microsoft.Compute/virtualMachines/GOAZRVM01",
            "identity": [],
            "license_type": "",
            "location": "westeurope",
            "max_bid_price": -1,
            "name": "GOAZRVM01",
            "network_interface_ids": [
              "/subscriptions/c161254a-03fa-4c91-884d-579d7bb02998/resourceGroups/rg-dev-dev01/providers/Microsoft.Network/networkInterfaces/goazrdev01-nic"
            ],
            "os_disk": [
              {
                "caching": "ReadWrite",
                "diff_disk_settings": [],
                "disk_encryption_set_id": "",
                "disk_size_gb": 30,
                "name": "GOAZRVM01_OsDisk_1_f62519cf343e4695b6122cf449078863",
                "secure_vm_disk_encryption_set_id": "",
                "security_encryption_type": "",
                "storage_account_type": "Standard_LRS",
                "write_accelerator_enabled": false
              }
            ],
            "os_image_notification": [],
            "patch_assessment_mode": "ImageDefault",
            "patch_mode": "ImageDefault",
            "plan": [],
            "platform_fault_domain": -1,
            "priority": "Regular",
            "private_ip_address": "10.0.2.4",
            "private_ip_addresses": [
              "10.0.2.4"
            ],
            "provision_vm_agent": true,
            "proximity_placement_group_id": "",
            "public_ip_address": "51.144.246.179",
            "public_ip_addresses": [
              "51.144.246.179"
            ],
            "reboot_setting": "",
            "resource_group_name": "rg-dev-dev01",
            "secret": [],
            "secure_boot_enabled": false,
            "size": "Standard_F2",
            "source_image_id": "",
            "source_image_reference": [
              {
                "offer": "0001-com-ubuntu-server-jammy",
                "publisher": "Canonical",
                "sku": "22_04-lts",
                "version": "latest"
              }
            ],
            "tags": null,
            "termination_notification": null,
            "timeouts": null,
            "user_data": "",
            "virtual_machine_id": "33d36b55-1c5d-48ad-9f0e-edc1d7cd11dd",
            "virtual_machine_scale_set_id": "",
            "vm_agent_platform_updates_enabled": false,
            "vtpm_enabled": false,
            "zone": ""
          },
          "sensitive_attributes": [
            [
              {
                "type": "get_attr",
                "value": "admin_password"
              }
            ],
            [
              {
                "type": "get_attr",
                "value": "custom_data"
              }
            ]
          ],
          "private": "eyJlMmJmYjczMC1lY2FhLTExZTYtOGY4OC0zNDM2M2JjN2M0YzAiOnsiY3JlYXRlIjoyNzAwMDAwMDAwMDAwLCJkZWxldGUiOjI3MDAwMDAwMDAwMDAsInJlYWQiOjMwMDAwMDAwMDAwMCwidXBkYXRlIjoyNzAwMDAwMDAwMDAwfX0=",
          "dependencies": [
            "module.modPIP01.azurerm_public_ip.rgpip01",
            "module.modPIP01.data.azurerm_resource_group.datarg",
            "module.modnic01.azurerm_network_interface.nicdev01",
            "module.modnic01.data.azurerm_public_ip.datapip",
            "module.modnic01.data.azurerm_resource_group.datarg",
            "module.modnic01.data.azurerm_subnet.datasubnet",
            "module.modrg01.azurerm_resource_group.rg01",
            "module.modsubnet01.azurerm_subnet.azrsubnet01",
            "module.modsubnet01.data.azurerm_resource_group.datarg",
            "module.modsubnet01.data.azurerm_virtual_network.datavnet",
            "module.modvm01.data.azurerm_network_interface.datanic",
            "module.modvm01.data.azurerm_resource_group.datarg",
            "module.modvnet01.azurerm_virtual_network.rgvnet01",
            "module.modvnet01.data.azurerm_resource_group.datarg"
          ]
        }
      ]
    },
    {
      "module": "module.modvnet01",
      "mode": "data",
      "type": "azurerm_resource_group",
      "name": "datarg",
      "provider": "provider[\"registry.terraform.io/hashicorp/azurerm\"]",
      "instances": [
        {
          "schema_version": 0,
          "attributes": {
            "id": "/subscriptions/c161254a-03fa-4c91-884d-579d7bb02998/resourceGroups/rg-dev-dev01",
            "location": "westeurope",
            "managed_by": "",
            "name": "rg-dev-dev01",
            "tags": {},
            "timeouts": null
          },
          "sensitive_attributes": []
        }
      ]
    },
    {
      "module": "module.modvnet01",
      "mode": "managed",
      "type": "azurerm_virtual_network",
      "name": "rgvnet01",
      "provider": "provider[\"registry.terraform.io/hashicorp/azurerm\"]",
      "instances": [
        {
          "index_key": "vnet",
          "schema_version": 0,
          "attributes": {
            "address_space": [
              "10.0.0.0/16"
            ],
            "bgp_community": "",
            "ddos_protection_plan": [],
            "dns_servers": [],
            "edge_zone": "",
            "encryption": [],
            "flow_timeout_in_minutes": 0,
            "guid": "2c3f5f4f-5d4e-446a-ae47-7e5536d0547a",
            "id": "/subscriptions/c161254a-03fa-4c91-884d-579d7bb02998/resourceGroups/rg-dev-dev01/providers/Microsoft.Network/virtualNetworks/GOAZRVNET01",
            "location": "westeurope",
            "name": "GOAZRVNET01",
            "resource_group_name": "rg-dev-dev01",
            "subnet": [],
            "tags": null,
            "timeouts": null
          },
          "sensitive_attributes": [],
          "private": "eyJlMmJmYjczMC1lY2FhLTExZTYtOGY4OC0zNDM2M2JjN2M0YzAiOnsiY3JlYXRlIjoxODAwMDAwMDAwMDAwLCJkZWxldGUiOjE4MDAwMDAwMDAwMDAsInJlYWQiOjMwMDAwMDAwMDAwMCwidXBkYXRlIjoxODAwMDAwMDAwMDAwfX0=",
          "dependencies": [
            "module.modrg01.azurerm_resource_group.rg01",
            "module.modvnet01.data.azurerm_resource_group.datarg"
          ]
        }
      ]
    }
  ],
  "check_results": null
}
